
Microsoft Visual Studio Solution File, Format Version 12.00
# Visual Studio Version 17
VisualStudioVersion = 17.0.31903.59
MinimumVisualStudioVersion = 10.0.40219.1
Project("{FAE04EC0-301F-11D3-BF4B-00C04F79EFBC}") = "PropertyManagementPortal.ManagementUI", "PropertyManagementPortal.ManagementUI\PropertyManagementPortal.ManagementUI.csproj", "{36CBDDA0-8D57-41CB-8FA1-856A77EE66A9}"
EndProject
Project("{FAE04EC0-301F-11D3-BF4B-00C04F79EFBC}") = "PropertyManagement.BlobStorage", "PropertyManagement.BlobStorage\PropertyManagement.BlobStorage.csproj", "{B59E7B66-5CB2-4420-B690-16AEF32875CF}"
EndProject
Project("{FAE04EC0-301F-11D3-BF4B-00C04F79EFBC}") = "testApp", "testApp\testApp.csproj", "{BA3EAEC0-E43B-4557-85E4-9551808050A0}"
EndProject
Project("{FAE04EC0-301F-11D3-BF4B-00C04F79EFBC}") = "PropertyManagement.Storage", "PropertyManagement.Storage\PropertyManagement.Storage.csproj", "{5DFF8B1E-D952-4D38-A6A3-3F88B4CCF843}"
EndProject
Project("{FAE04EC0-301F-11D3-BF4B-00C04F79EFBC}") = "EventHubSender", "EventHubSender\EventHubSender.csproj", "{626ED752-2E91-4ED5-A44F-6BB695C0ADAB}"
EndProject
Project("{FAE04EC0-301F-11D3-BF4B-00C04F79EFBC}") = "EventHubReceiver", "EventHubReceiver\EventHubReceiver.csproj", "{23F3727E-98B5-4E7D-98B3-DEC972697F36}"
EndProject
Project("{2150E333-8FDC-42A3-9474-1A3956D46DE8}") = "tests", "tests", "{045E7C2F-DD7E-4EDA-9DFF-E1BAA8DCA431}"
EndProject
Project("{FAE04EC0-301F-11D3-BF4B-00C04F79EFBC}") = "PropertyManagement.Storage.Tests", "tests\PropertyManagement.Storage.Tests\PropertyManagement.Storage.Tests.csproj", "{F59C6051-F843-44EA-95CA-02AC004AD87D}"
EndProject
Global
	GlobalSection(SolutionConfigurationPlatforms) = preSolution
		Debug|Any CPU = Debug|Any CPU
		Release|Any CPU = Release|Any CPU
	EndGlobalSection
	GlobalSection(SolutionProperties) = preSolution
		HideSolutionNode = FALSE
	EndGlobalSection
	GlobalSection(ProjectConfigurationPlatforms) = postSolution
		{36CBDDA0-8D57-41CB-8FA1-856A77EE66A9}.Debug|Any CPU.ActiveCfg = Debug|Any CPU
		{36CBDDA0-8D57-41CB-8FA1-856A77EE66A9}.Debug|Any CPU.Build.0 = Debug|Any CPU
		{36CBDDA0-8D57-41CB-8FA1-856A77EE66A9}.Release|Any CPU.ActiveCfg = Release|Any CPU
		{36CBDDA0-8D57-41CB-8FA1-856A77EE66A9}.Release|Any CPU.Build.0 = Release|Any CPU
		{B59E7B66-5CB2-4420-B690-16AEF32875CF}.Debug|Any CPU.ActiveCfg = Debug|Any CPU
		{B59E7B66-5CB2-4420-B690-16AEF32875CF}.Debug|Any CPU.Build.0 = Debug|Any CPU
		{B59E7B66-5CB2-4420-B690-16AEF32875CF}.Release|Any CPU.ActiveCfg = Release|Any CPU
		{B59E7B66-5CB2-4420-B690-16AEF32875CF}.Release|Any CPU.Build.0 = Release|Any CPU
		{BA3EAEC0-E43B-4557-85E4-9551808050A0}.Debug|Any CPU.ActiveCfg = Debug|Any CPU
		{BA3EAEC0-E43B-4557-85E4-9551808050A0}.Debug|Any CPU.Build.0 = Debug|Any CPU
		{BA3EAEC0-E43B-4557-85E4-9551808050A0}.Release|Any CPU.ActiveCfg = Release|Any CPU
		{BA3EAEC0-E43B-4557-85E4-9551808050A0}.Release|Any CPU.Build.0 = Release|Any CPU
		{5DFF8B1E-D952-4D38-A6A3-3F88B4CCF843}.Debug|Any CPU.ActiveCfg = Debug|Any CPU
		{5DFF8B1E-D952-4D38-A6A3-3F88B4CCF843}.Debug|Any CPU.Build.0 = Debug|Any CPU
		{5DFF8B1E-D952-4D38-A6A3-3F88B4CCF843}.Release|Any CPU.ActiveCfg = Release|Any CPU
		{5DFF8B1E-D952-4D38-A6A3-3F88B4CCF843}.Release|Any CPU.Build.0 = Release|Any CPU
		{626ED752-2E91-4ED5-A44F-6BB695C0ADAB}.Debug|Any CPU.ActiveCfg = Debug|Any CPU
		{626ED752-2E91-4ED5-A44F-6BB695C0ADAB}.Debug|Any CPU.Build.0 = Debug|Any CPU
		{626ED752-2E91-4ED5-A44F-6BB695C0ADAB}.Release|Any CPU.ActiveCfg = Release|Any CPU
		{626ED752-2E91-4ED5-A44F-6BB695C0ADAB}.Release|Any CPU.Build.0 = Release|Any CPU
		{23F3727E-98B5-4E7D-98B3-DEC972697F36}.Debug|Any CPU.ActiveCfg = Debug|Any CPU
		{23F3727E-98B5-4E7D-98B3-DEC972697F36}.Debug|Any CPU.Build.0 = Debug|Any CPU
		{23F3727E-98B5-4E7D-98B3-DEC972697F36}.Release|Any CPU.ActiveCfg = Release|Any CPU
		{23F3727E-98B5-4E7D-98B3-DEC972697F36}.Release|Any CPU.Build.0 = Release|Any CPU
		{F59C6051-F843-44EA-95CA-02AC004AD87D}.Debug|Any CPU.ActiveCfg = Debug|Any CPU
		{F59C6051-F843-44EA-95CA-02AC004AD87D}.Debug|Any CPU.Build.0 = Debug|Any CPU
		{F59C6051-F843-44EA-95CA-02AC004AD87D}.Release|Any CPU.ActiveCfg = Release|Any CPU
		{F59C6051-F843-44EA-95CA-02AC004AD87D}.Release|Any CPU.Build.0 = Release|Any CPU
	EndGlobalSection
	GlobalSection(NestedProjects) = preSolution
		{F59C6051-F843-44EA-95CA-02AC004AD87D} = {045E7C2F-DD7E-4EDA-9DFF-E1BAA8DCA431}
	EndGlobalSection
EndGlobal
